
Microsoft Visual Studio Solution File, Format Version 12.00
# Visual Studio Version 16
VisualStudioVersion = 16.0.30002.166
MinimumVisualStudioVersion = 10.0.40219.1
Project("{FAE04EC0-301F-11D3-BF4B-00C04F79EFBC}") = "PilkarzeMVVM1", "PilkarzeMVVM1.csproj", "{7DEB7E89-EE9C-4DE9-B0B3-03A1258057B0}"
EndProject
Global
	GlobalSection(SolutionConfigurationPlatforms) = preSolution
		Debug|Any CPU = Debug|Any CPU
		Release|Any CPU = Release|Any CPU
	EndGlobalSection
	GlobalSection(ProjectConfigurationPlatforms) = postSolution
		{7DEB7E89-EE9C-4DE9-B0B3-03A1258057B0}.Debug|Any CPU.ActiveCfg = Debug|Any CPU
		{7DEB7E89-EE9C-4DE9-B0B3-03A1258057B0}.Debug|Any CPU.Build.0 = Debug|Any CPU
		{7DEB7E89-EE9C-4DE9-B0B3-03A1258057B0}.Release|Any CPU.ActiveCfg = Release|Any CPU
		{7DEB7E89-EE9C-4DE9-B0B3-03A1258057B0}.Release|Any CPU.Build.0 = Release|Any CPU
	EndGlobalSection
	GlobalSection(SolutionProperties) = preSolution
		HideSolutionNode = FALSE
	EndGlobalSection
	GlobalSection(ExtensibilityGlobals) = postSolution
		SolutionGuid = {2A71492C-8461-481A-8212-380FF8D9C939}
	EndGlobalSection
EndGlobal
